
Microsoft Visual Studio Solution File, Format Version 12.00
# Visual Studio Version 16
VisualStudioVersion = 16.0.28922.388
MinimumVisualStudioVersion = 10.0.40219.1
Project("{FAE04EC0-301F-11D3-BF4B-00C04F79EFBC}") = "Lab 10 - CircleTime!", "Lab 10 - CircleTime!\Lab 10 - CircleTime!.csproj", "{BFCA4E9C-98D0-4F96-89D9-B82F7EBCF3B9}"
EndProject
Global
	GlobalSection(SolutionConfigurationPlatforms) = preSolution
		Debug|Any CPU = Debug|Any CPU
		Release|Any CPU = Release|Any CPU
	EndGlobalSection
	GlobalSection(ProjectConfigurationPlatforms) = postSolution
		{BFCA4E9C-98D0-4F96-89D9-B82F7EBCF3B9}.Debug|Any CPU.ActiveCfg = Debug|Any CPU
		{BFCA4E9C-98D0-4F96-89D9-B82F7EBCF3B9}.Debug|Any CPU.Build.0 = Debug|Any CPU
		{BFCA4E9C-98D0-4F96-89D9-B82F7EBCF3B9}.Release|Any CPU.ActiveCfg = Release|Any CPU
		{BFCA4E9C-98D0-4F96-89D9-B82F7EBCF3B9}.Release|Any CPU.Build.0 = Release|Any CPU
	EndGlobalSection
	GlobalSection(SolutionProperties) = preSolution
		HideSolutionNode = FALSE
	EndGlobalSection
	GlobalSection(ExtensibilityGlobals) = postSolution
		SolutionGuid = {1795B3BD-D585-4423-BD47-E77A9E390207}
	EndGlobalSection
EndGlobal
